
Microsoft Visual Studio Solution File, Format Version 12.00
# Visual Studio Version 17
VisualStudioVersion = 17.1.32210.238
MinimumVisualStudioVersion = 10.0.40219.1
Project("{FAE04EC0-301F-11D3-BF4B-00C04F79EFBC}") = "LinkReduction", "LinkReduction\LinkReduction.csproj", "{87F36DCA-50FF-4F30-A677-C18582EAFDBD}"
EndProject
Global
	GlobalSection(SolutionConfigurationPlatforms) = preSolution
		Debug|Any CPU = Debug|Any CPU
		Release|Any CPU = Release|Any CPU
	EndGlobalSection
	GlobalSection(ProjectConfigurationPlatforms) = postSolution
		{87F36DCA-50FF-4F30-A677-C18582EAFDBD}.Debug|Any CPU.ActiveCfg = Debug|Any CPU
		{87F36DCA-50FF-4F30-A677-C18582EAFDBD}.Debug|Any CPU.Build.0 = Debug|Any CPU
		{87F36DCA-50FF-4F30-A677-C18582EAFDBD}.Release|Any CPU.ActiveCfg = Release|Any CPU
		{87F36DCA-50FF-4F30-A677-C18582EAFDBD}.Release|Any CPU.Build.0 = Release|Any CPU
	EndGlobalSection
	GlobalSection(SolutionProperties) = preSolution
		HideSolutionNode = FALSE
	EndGlobalSection
	GlobalSection(ExtensibilityGlobals) = postSolution
		SolutionGuid = {F9232259-E02E-41B9-A41E-1E13C4D7B14F}
	EndGlobalSection
EndGlobal
